
Microsoft Visual Studio Solution File, Format Version 12.00
# Visual Studio Version 17
VisualStudioVersion = 17.3.32901.215
MinimumVisualStudioVersion = 10.0.40219.1
Project("{9A19103F-16F7-4668-BE54-9A1E7A4F7556}") = "MaterialWorld", "MaterialWorld.csproj", "{108BED24-F947-467E-BBE1-025D66048031}"
EndProject
Global
	GlobalSection(SolutionConfigurationPlatforms) = preSolution
		Debug|Any CPU = Debug|Any CPU
		Release|Any CPU = Release|Any CPU
	EndGlobalSection
	GlobalSection(ProjectConfigurationPlatforms) = postSolution
		{108BED24-F947-467E-BBE1-025D66048031}.Debug|Any CPU.ActiveCfg = Debug|Any CPU
		{108BED24-F947-467E-BBE1-025D66048031}.Debug|Any CPU.Build.0 = Debug|Any CPU
		{108BED24-F947-467E-BBE1-025D66048031}.Release|Any CPU.ActiveCfg = Release|Any CPU
		{108BED24-F947-467E-BBE1-025D66048031}.Release|Any CPU.Build.0 = Release|Any CPU
	EndGlobalSection
	GlobalSection(SolutionProperties) = preSolution
		HideSolutionNode = FALSE
	EndGlobalSection
	GlobalSection(ExtensibilityGlobals) = postSolution
		SolutionGuid = {3050A560-93C3-49B7-9D5F-0E5598843DF6}
	EndGlobalSection
EndGlobal
